
Microsoft Visual Studio Solution File, Format Version 12.00
# Visual Studio Version 17
VisualStudioVersion = 17.10.34928.147
MinimumVisualStudioVersion = 10.0.40219.1
Project("{9A19103F-16F7-4668-BE54-9A1E7A4F7556}") = "HTask1", "HTask1.csproj", "{850761E7-EF4A-4DDC-8EFF-600221C9301A}"
EndProject
Project("{9A19103F-16F7-4668-BE54-9A1E7A4F7556}") = "Htask2", "..\Htask2\Htask2\Htask2.csproj", "{87619DE1-B6F8-45C0-9493-4E5F390533C5}"
EndProject
Project("{9A19103F-16F7-4668-BE54-9A1E7A4F7556}") = "HTask3", "..\HTask3\HTask3.csproj", "{E4DC4215-9D27-4157-8E10-B6AC678D7C1F}"
EndProject
Project("{9A19103F-16F7-4668-BE54-9A1E7A4F7556}") = "ChatApp", "..\ChatApp\ChatApp\ChatApp.csproj", "{9040E5BC-180A-48FE-96E1-573950E979E9}"
EndProject
Project("{9A19103F-16F7-4668-BE54-9A1E7A4F7556}") = "Threads", "..\Threads\Threads\Threads.csproj", "{69D711DE-7AF5-44DC-AAB0-CD6DA0976C17}"
EndProject
Project("{9A19103F-16F7-4668-BE54-9A1E7A4F7556}") = "DB__Entity", "..\DB__Entity\DB__Entity.csproj", "{CE1BAB5F-4E39-4C65-A3A3-F10021DCE162}"
EndProject
Project("{FAE04EC0-301F-11D3-BF4B-00C04F79EFBC}") = "TestDB_EntityTests", "..\TestDB_EntityTests\TestDB_EntityTests.csproj", "{ED54B30F-2417-4ECC-BC45-2DD4485ECA9D}"
EndProject
Global
	GlobalSection(SolutionConfigurationPlatforms) = preSolution
		Debug|Any CPU = Debug|Any CPU
		Release|Any CPU = Release|Any CPU
	EndGlobalSection
	GlobalSection(ProjectConfigurationPlatforms) = postSolution
		{850761E7-EF4A-4DDC-8EFF-600221C9301A}.Debug|Any CPU.ActiveCfg = Debug|Any CPU
		{850761E7-EF4A-4DDC-8EFF-600221C9301A}.Debug|Any CPU.Build.0 = Debug|Any CPU
		{850761E7-EF4A-4DDC-8EFF-600221C9301A}.Release|Any CPU.ActiveCfg = Release|Any CPU
		{850761E7-EF4A-4DDC-8EFF-600221C9301A}.Release|Any CPU.Build.0 = Release|Any CPU
		{87619DE1-B6F8-45C0-9493-4E5F390533C5}.Debug|Any CPU.ActiveCfg = Debug|Any CPU
		{87619DE1-B6F8-45C0-9493-4E5F390533C5}.Debug|Any CPU.Build.0 = Debug|Any CPU
		{87619DE1-B6F8-45C0-9493-4E5F390533C5}.Release|Any CPU.ActiveCfg = Release|Any CPU
		{87619DE1-B6F8-45C0-9493-4E5F390533C5}.Release|Any CPU.Build.0 = Release|Any CPU
		{E4DC4215-9D27-4157-8E10-B6AC678D7C1F}.Debug|Any CPU.ActiveCfg = Debug|Any CPU
		{E4DC4215-9D27-4157-8E10-B6AC678D7C1F}.Debug|Any CPU.Build.0 = Debug|Any CPU
		{E4DC4215-9D27-4157-8E10-B6AC678D7C1F}.Release|Any CPU.ActiveCfg = Release|Any CPU
		{E4DC4215-9D27-4157-8E10-B6AC678D7C1F}.Release|Any CPU.Build.0 = Release|Any CPU
		{9040E5BC-180A-48FE-96E1-573950E979E9}.Debug|Any CPU.ActiveCfg = Debug|Any CPU
		{9040E5BC-180A-48FE-96E1-573950E979E9}.Debug|Any CPU.Build.0 = Debug|Any CPU
		{9040E5BC-180A-48FE-96E1-573950E979E9}.Release|Any CPU.ActiveCfg = Release|Any CPU
		{9040E5BC-180A-48FE-96E1-573950E979E9}.Release|Any CPU.Build.0 = Release|Any CPU
		{69D711DE-7AF5-44DC-AAB0-CD6DA0976C17}.Debug|Any CPU.ActiveCfg = Debug|Any CPU
		{69D711DE-7AF5-44DC-AAB0-CD6DA0976C17}.Debug|Any CPU.Build.0 = Debug|Any CPU
		{69D711DE-7AF5-44DC-AAB0-CD6DA0976C17}.Release|Any CPU.ActiveCfg = Release|Any CPU
		{69D711DE-7AF5-44DC-AAB0-CD6DA0976C17}.Release|Any CPU.Build.0 = Release|Any CPU
		{CE1BAB5F-4E39-4C65-A3A3-F10021DCE162}.Debug|Any CPU.ActiveCfg = Debug|Any CPU
		{CE1BAB5F-4E39-4C65-A3A3-F10021DCE162}.Debug|Any CPU.Build.0 = Debug|Any CPU
		{CE1BAB5F-4E39-4C65-A3A3-F10021DCE162}.Release|Any CPU.ActiveCfg = Release|Any CPU
		{CE1BAB5F-4E39-4C65-A3A3-F10021DCE162}.Release|Any CPU.Build.0 = Release|Any CPU
		{ED54B30F-2417-4ECC-BC45-2DD4485ECA9D}.Debug|Any CPU.ActiveCfg = Debug|Any CPU
		{ED54B30F-2417-4ECC-BC45-2DD4485ECA9D}.Debug|Any CPU.Build.0 = Debug|Any CPU
		{ED54B30F-2417-4ECC-BC45-2DD4485ECA9D}.Release|Any CPU.ActiveCfg = Release|Any CPU
		{ED54B30F-2417-4ECC-BC45-2DD4485ECA9D}.Release|Any CPU.Build.0 = Release|Any CPU
	EndGlobalSection
	GlobalSection(SolutionProperties) = preSolution
		HideSolutionNode = FALSE
	EndGlobalSection
	GlobalSection(ExtensibilityGlobals) = postSolution
		SolutionGuid = {B6140811-7BED-42EC-891A-6CB07B713693}
	EndGlobalSection
EndGlobal
