
Microsoft Visual Studio Solution File, Format Version 12.00
# Visual Studio Version 17
VisualStudioVersion = 17.10.34928.147
MinimumVisualStudioVersion = 10.0.40219.1
Project("{9A19103F-16F7-4668-BE54-9A1E7A4F7556}") = "HTask1", "HTask1.csproj", "{850761E7-EF4A-4DDC-8EFF-600221C9301A}"
EndProject
Project("{9A19103F-16F7-4668-BE54-9A1E7A4F7556}") = "Htask2", "..\Htask2\Htask2\Htask2.csproj", "{87619DE1-B6F8-45C0-9493-4E5F390533C5}"
EndProject
Project("{9A19103F-16F7-4668-BE54-9A1E7A4F7556}") = "HTask3", "..\HTask3\HTask3.csproj", "{E4DC4215-9D27-4157-8E10-B6AC678D7C1F}"
EndProject
Project("{FAE04EC0-301F-11D3-BF4B-00C04F79EFBC}") = "Htask3_2", "..\HTask3_2\Htask3_2\Htask3_2.csproj", "{B7AD9627-0C43-4BC9-862C-27EF4783F027}"
EndProject
Global
	GlobalSection(SolutionConfigurationPlatforms) = preSolution
		Debug|Any CPU = Debug|Any CPU
		Release|Any CPU = Release|Any CPU
	EndGlobalSection
	GlobalSection(ProjectConfigurationPlatforms) = postSolution
		{850761E7-EF4A-4DDC-8EFF-600221C9301A}.Debug|Any CPU.ActiveCfg = Debug|Any CPU
		{850761E7-EF4A-4DDC-8EFF-600221C9301A}.Debug|Any CPU.Build.0 = Debug|Any CPU
		{850761E7-EF4A-4DDC-8EFF-600221C9301A}.Release|Any CPU.ActiveCfg = Release|Any CPU
		{850761E7-EF4A-4DDC-8EFF-600221C9301A}.Release|Any CPU.Build.0 = Release|Any CPU
		{87619DE1-B6F8-45C0-9493-4E5F390533C5}.Debug|Any CPU.ActiveCfg = Debug|Any CPU
		{87619DE1-B6F8-45C0-9493-4E5F390533C5}.Debug|Any CPU.Build.0 = Debug|Any CPU
		{87619DE1-B6F8-45C0-9493-4E5F390533C5}.Release|Any CPU.ActiveCfg = Release|Any CPU
		{87619DE1-B6F8-45C0-9493-4E5F390533C5}.Release|Any CPU.Build.0 = Release|Any CPU
		{E4DC4215-9D27-4157-8E10-B6AC678D7C1F}.Debug|Any CPU.ActiveCfg = Debug|Any CPU
		{E4DC4215-9D27-4157-8E10-B6AC678D7C1F}.Debug|Any CPU.Build.0 = Debug|Any CPU
		{E4DC4215-9D27-4157-8E10-B6AC678D7C1F}.Release|Any CPU.ActiveCfg = Release|Any CPU
		{E4DC4215-9D27-4157-8E10-B6AC678D7C1F}.Release|Any CPU.Build.0 = Release|Any CPU
		{B7AD9627-0C43-4BC9-862C-27EF4783F027}.Debug|Any CPU.ActiveCfg = Debug|Any CPU
		{B7AD9627-0C43-4BC9-862C-27EF4783F027}.Debug|Any CPU.Build.0 = Debug|Any CPU
		{B7AD9627-0C43-4BC9-862C-27EF4783F027}.Release|Any CPU.ActiveCfg = Release|Any CPU
		{B7AD9627-0C43-4BC9-862C-27EF4783F027}.Release|Any CPU.Build.0 = Release|Any CPU
	EndGlobalSection
	GlobalSection(SolutionProperties) = preSolution
		HideSolutionNode = FALSE
	EndGlobalSection
	GlobalSection(ExtensibilityGlobals) = postSolution
		SolutionGuid = {B6140811-7BED-42EC-891A-6CB07B713693}
	EndGlobalSection
EndGlobal
